
Microsoft Visual Studio Solution File, Format Version 12.00
# Visual Studio Version 17
VisualStudioVersion = 17.2.32630.192
MinimumVisualStudioVersion = 10.0.40219.1
Project("{FAE04EC0-301F-11D3-BF4B-00C04F79EFBC}") = "FolderCleaner", "FolderCleaner\FolderCleaner.csproj", "{05CBBAAC-704E-44C1-B971-FAF2551094CF}"
EndProject
Global
	GlobalSection(SolutionConfigurationPlatforms) = preSolution
		Debug|Any CPU = Debug|Any CPU
		Release|Any CPU = Release|Any CPU
	EndGlobalSection
	GlobalSection(ProjectConfigurationPlatforms) = postSolution
		{05CBBAAC-704E-44C1-B971-FAF2551094CF}.Debug|Any CPU.ActiveCfg = Debug|Any CPU
		{05CBBAAC-704E-44C1-B971-FAF2551094CF}.Debug|Any CPU.Build.0 = Debug|Any CPU
		{05CBBAAC-704E-44C1-B971-FAF2551094CF}.Release|Any CPU.ActiveCfg = Release|Any CPU
		{05CBBAAC-704E-44C1-B971-FAF2551094CF}.Release|Any CPU.Build.0 = Release|Any CPU
	EndGlobalSection
	GlobalSection(SolutionProperties) = preSolution
		HideSolutionNode = FALSE
	EndGlobalSection
	GlobalSection(ExtensibilityGlobals) = postSolution
		SolutionGuid = {6F8CC95D-20D1-48D0-AC43-BEC0717F78EE}
	EndGlobalSection
EndGlobal
